// !$*UTF8*$!
{
	archiveVersion = 1;
	classes = {
	};
	objectVersion = 46;
	objects = {

/* Begin PBXBuildFile section */
		A20B6FCF196DB92C0067347D /* AppDelegate.swift in Sources */ = {isa = PBXBuildFile; fileRef = A20B6FCE196DB92C0067347D /* AppDelegate.swift */; };
		A20B6FD1196DB92C0067347D /* ViewController.swift in Sources */ = {isa = PBXBuildFile; fileRef = A20B6FD0196DB92C0067347D /* ViewController.swift */; };
		A20B6FD4196DB92C0067347D /* Main.storyboard in Resources */ = {isa = PBXBuildFile; fileRef = A20B6FD2196DB92C0067347D /* Main.storyboard */; };
		A20B6FD6196DB92C0067347D /* Images.xcassets in Resources */ = {isa = PBXBuildFile; fileRef = A20B6FD5196DB92C0067347D /* Images.xcassets */; };
		A20B6FE2196DB92D0067347D /* BezelTests.swift in Sources */ = {isa = PBXBuildFile; fileRef = A20B6FE1196DB92D0067347D /* BezelTests.swift */; };
		A20B6FEC196DB93B0067347D /* PhotoEditController.swift in Sources */ = {isa = PBXBuildFile; fileRef = A20B6FEB196DB93B0067347D /* PhotoEditController.swift */; };
		A20B6FEE196DB9540067347D /* Shape.swift in Sources */ = {isa = PBXBuildFile; fileRef = A20B6FED196DB9540067347D /* Shape.swift */; };
		EF2427FA196DCFF600EB8A55 /* bolt_white.png in Resources */ = {isa = PBXBuildFile; fileRef = EF2427F7196DCFF600EB8A55 /* bolt_white.png */; };
		EF2427FB196DCFF600EB8A55 /* bolt_white.png in Resources */ = {isa = PBXBuildFile; fileRef = EF2427F7196DCFF600EB8A55 /* bolt_white.png */; };
		EF2427FC196DCFF600EB8A55 /* bolt_black.png in Resources */ = {isa = PBXBuildFile; fileRef = EF2427F8196DCFF600EB8A55 /* bolt_black.png */; };
		EF2427FD196DCFF600EB8A55 /* bolt_black.png in Resources */ = {isa = PBXBuildFile; fileRef = EF2427F8196DCFF600EB8A55 /* bolt_black.png */; };
		EF2427FE196DCFF600EB8A55 /* road.jpg in Resources */ = {isa = PBXBuildFile; fileRef = EF2427F9196DCFF600EB8A55 /* road.jpg */; };
		EF2427FF196DCFF600EB8A55 /* road.jpg in Resources */ = {isa = PBXBuildFile; fileRef = EF2427F9196DCFF600EB8A55 /* road.jpg */; };
		EF8726BF196DE18600FCD47C /* ColorDataSource.swift in Sources */ = {isa = PBXBuildFile; fileRef = EF8726BE196DE18600FCD47C /* ColorDataSource.swift */; };
		EF8726C0196DE18600FCD47C /* ColorDataSource.swift in Sources */ = {isa = PBXBuildFile; fileRef = EF8726BE196DE18600FCD47C /* ColorDataSource.swift */; };
		EF8726C2196DE62F00FCD47C /* ShapeDataSource.swift in Sources */ = {isa = PBXBuildFile; fileRef = EF8726C1196DE62F00FCD47C /* ShapeDataSource.swift */; };
		EF8726C3196DE62F00FCD47C /* ShapeDataSource.swift in Sources */ = {isa = PBXBuildFile; fileRef = EF8726C1196DE62F00FCD47C /* ShapeDataSource.swift */; };
		EF8726C5196DE6EE00FCD47C /* BackgroundDataSource.swift in Sources */ = {isa = PBXBuildFile; fileRef = EF8726C4196DE6EE00FCD47C /* BackgroundDataSource.swift */; };
		EF8726C6196DE6EE00FCD47C /* BackgroundDataSource.swift in Sources */ = {isa = PBXBuildFile; fileRef = EF8726C4196DE6EE00FCD47C /* BackgroundDataSource.swift */; };
		EF8726C8196DE78C00FCD47C /* gold_tree_bg.png in Resources */ = {isa = PBXBuildFile; fileRef = EF8726C7196DE78C00FCD47C /* gold_tree_bg.png */; };
		EF8726C9196DE78C00FCD47C /* gold_tree_bg.png in Resources */ = {isa = PBXBuildFile; fileRef = EF8726C7196DE78C00FCD47C /* gold_tree_bg.png */; };
		EF8726CB196DE95400FCD47C /* BezelCollectionViewDataSource.swift in Sources */ = {isa = PBXBuildFile; fileRef = EF8726CA196DE95400FCD47C /* BezelCollectionViewDataSource.swift */; };
		EF8726CC196DE95400FCD47C /* BezelCollectionViewDataSource.swift in Sources */ = {isa = PBXBuildFile; fileRef = EF8726CA196DE95400FCD47C /* BezelCollectionViewDataSource.swift */; };
		EF8726CE196DE99000FCD47C /* HeaderCollectionReusableView.swift in Sources */ = {isa = PBXBuildFile; fileRef = EF8726CD196DE99000FCD47C /* HeaderCollectionReusableView.swift */; };
		EF8726CF196DE99000FCD47C /* HeaderCollectionReusableView.swift in Sources */ = {isa = PBXBuildFile; fileRef = EF8726CD196DE99000FCD47C /* HeaderCollectionReusableView.swift */; };
		EF8726D4196DEFE600FCD47C /* candy_bg.png in Resources */ = {isa = PBXBuildFile; fileRef = EF8726D3196DEFE600FCD47C /* candy_bg.png */; };
		EF8726D5196DEFE600FCD47C /* candy_bg.png in Resources */ = {isa = PBXBuildFile; fileRef = EF8726D3196DEFE600FCD47C /* candy_bg.png */; };
		EF8726DA196DF01A00FCD47C /* tree_bg.png in Resources */ = {isa = PBXBuildFile; fileRef = EF8726D9196DF01A00FCD47C /* tree_bg.png */; };
		EF8726DB196DF01A00FCD47C /* tree_bg.png in Resources */ = {isa = PBXBuildFile; fileRef = EF8726D9196DF01A00FCD47C /* tree_bg.png */; };
		EF8726DF196DF12100FCD47C /* anchor_white.png in Resources */ = {isa = PBXBuildFile; fileRef = EF8726DC196DF12100FCD47C /* anchor_white.png */; };
		EF8726E0196DF12100FCD47C /* anchor_white.png in Resources */ = {isa = PBXBuildFile; fileRef = EF8726DC196DF12100FCD47C /* anchor_white.png */; };
		EF8726E1196DF12100FCD47C /* arrow_white.png in Resources */ = {isa = PBXBuildFile; fileRef = EF8726DD196DF12100FCD47C /* arrow_white.png */; };
		EF8726E2196DF12100FCD47C /* arrow_white.png in Resources */ = {isa = PBXBuildFile; fileRef = EF8726DD196DF12100FCD47C /* arrow_white.png */; };
		EF8726E3196DF12100FCD47C /* cross_white.png in Resources */ = {isa = PBXBuildFile; fileRef = EF8726DE196DF12100FCD47C /* cross_white.png */; };
		EF8726E4196DF12100FCD47C /* cross_white.png in Resources */ = {isa = PBXBuildFile; fileRef = EF8726DE196DF12100FCD47C /* cross_white.png */; };
		EF8726E6196DF2EF00FCD47C /* ImageCollectionViewCell.swift in Sources */ = {isa = PBXBuildFile; fileRef = EF8726E5196DF2EF00FCD47C /* ImageCollectionViewCell.swift */; };
		EF8726E7196DF2EF00FCD47C /* ImageCollectionViewCell.swift in Sources */ = {isa = PBXBuildFile; fileRef = EF8726E5196DF2EF00FCD47C /* ImageCollectionViewCell.swift */; };
/* End PBXBuildFile section */

/* Begin PBXContainerItemProxy section */
		A20B6FDC196DB92D0067347D /* PBXContainerItemProxy */ = {
			isa = PBXContainerItemProxy;
			containerPortal = A20B6FC1196DB92C0067347D /* Project object */;
			proxyType = 1;
			remoteGlobalIDString = A20B6FC8196DB92C0067347D;
			remoteInfo = Bezel;
		};
/* End PBXContainerItemProxy section */

/* Begin PBXFileReference section */
		A20B6FC9196DB92C0067347D /* Bezel.app */ = {isa = PBXFileReference; explicitFileType = wrapper.application; includeInIndex = 0; path = Bezel.app; sourceTree = BUILT_PRODUCTS_DIR; };
		A20B6FCD196DB92C0067347D /* Info.plist */ = {isa = PBXFileReference; lastKnownFileType = text.plist.xml; path = Info.plist; sourceTree = "<group>"; };
		A20B6FCE196DB92C0067347D /* AppDelegate.swift */ = {isa = PBXFileReference; lastKnownFileType = sourcecode.swift; path = AppDelegate.swift; sourceTree = "<group>"; };
		A20B6FD0196DB92C0067347D /* ViewController.swift */ = {isa = PBXFileReference; lastKnownFileType = sourcecode.swift; path = ViewController.swift; sourceTree = "<group>"; };
		A20B6FD3196DB92C0067347D /* Base */ = {isa = PBXFileReference; lastKnownFileType = file.storyboard; name = Base; path = Base.lproj/Main.storyboard; sourceTree = "<group>"; };
		A20B6FD5196DB92C0067347D /* Images.xcassets */ = {isa = PBXFileReference; lastKnownFileType = folder.assetcatalog; path = Images.xcassets; sourceTree = "<group>"; };
		A20B6FDB196DB92D0067347D /* BezelTests.xctest */ = {isa = PBXFileReference; explicitFileType = wrapper.cfbundle; includeInIndex = 0; path = BezelTests.xctest; sourceTree = BUILT_PRODUCTS_DIR; };
		A20B6FE0196DB92D0067347D /* Info.plist */ = {isa = PBXFileReference; lastKnownFileType = text.plist.xml; path = Info.plist; sourceTree = "<group>"; };
		A20B6FE1196DB92D0067347D /* BezelTests.swift */ = {isa = PBXFileReference; lastKnownFileType = sourcecode.swift; path = BezelTests.swift; sourceTree = "<group>"; };
		A20B6FEB196DB93B0067347D /* PhotoEditController.swift */ = {isa = PBXFileReference; fileEncoding = 4; lastKnownFileType = sourcecode.swift; name = PhotoEditController.swift; path = ../PhotoEditController.swift; sourceTree = "<group>"; };
		A20B6FED196DB9540067347D /* Shape.swift */ = {isa = PBXFileReference; fileEncoding = 4; lastKnownFileType = sourcecode.swift; name = Shape.swift; path = ../Shape.swift; sourceTree = "<group>"; };
		EF2427F7196DCFF600EB8A55 /* bolt_white.png */ = {isa = PBXFileReference; lastKnownFileType = image.png; path = bolt_white.png; sourceTree = "<group>"; };
		EF2427F8196DCFF600EB8A55 /* bolt_black.png */ = {isa = PBXFileReference; lastKnownFileType = image.png; path = bolt_black.png; sourceTree = "<group>"; };
		EF2427F9196DCFF600EB8A55 /* road.jpg */ = {isa = PBXFileReference; lastKnownFileType = image.jpeg; path = road.jpg; sourceTree = "<group>"; };
		EF8726BE196DE18600FCD47C /* ColorDataSource.swift */ = {isa = PBXFileReference; fileEncoding = 4; lastKnownFileType = sourcecode.swift; path = ColorDataSource.swift; sourceTree = "<group>"; };
		EF8726C1196DE62F00FCD47C /* ShapeDataSource.swift */ = {isa = PBXFileReference; fileEncoding = 4; lastKnownFileType = sourcecode.swift; path = ShapeDataSource.swift; sourceTree = "<group>"; };
		EF8726C4196DE6EE00FCD47C /* BackgroundDataSource.swift */ = {isa = PBXFileReference; fileEncoding = 4; lastKnownFileType = sourcecode.swift; path = BackgroundDataSource.swift; sourceTree = "<group>"; };
		EF8726C7196DE78C00FCD47C /* gold_tree_bg.png */ = {isa = PBXFileReference; lastKnownFileType = image.png; path = gold_tree_bg.png; sourceTree = "<group>"; };
		EF8726CA196DE95400FCD47C /* BezelCollectionViewDataSource.swift */ = {isa = PBXFileReference; fileEncoding = 4; lastKnownFileType = sourcecode.swift; path = BezelCollectionViewDataSource.swift; sourceTree = "<group>"; };
		EF8726CD196DE99000FCD47C /* HeaderCollectionReusableView.swift */ = {isa = PBXFileReference; fileEncoding = 4; lastKnownFileType = sourcecode.swift; path = HeaderCollectionReusableView.swift; sourceTree = "<group>"; };
		EF8726D3196DEFE600FCD47C /* candy_bg.png */ = {isa = PBXFileReference; lastKnownFileType = image.png; path = candy_bg.png; sourceTree = "<group>"; };
		EF8726D9196DF01A00FCD47C /* tree_bg.png */ = {isa = PBXFileReference; lastKnownFileType = image.png; path = tree_bg.png; sourceTree = "<group>"; };
		EF8726DC196DF12100FCD47C /* anchor_white.png */ = {isa = PBXFileReference; lastKnownFileType = image.png; path = anchor_white.png; sourceTree = "<group>"; };
		EF8726DD196DF12100FCD47C /* arrow_white.png */ = {isa = PBXFileReference; lastKnownFileType = image.png; path = arrow_white.png; sourceTree = "<group>"; };
		EF8726DE196DF12100FCD47C /* cross_white.png */ = {isa = PBXFileReference; lastKnownFileType = image.png; path = cross_white.png; sourceTree = "<group>"; };
		EF8726E5196DF2EF00FCD47C /* ImageCollectionViewCell.swift */ = {isa = PBXFileReference; fileEncoding = 4; lastKnownFileType = sourcecode.swift; path = ImageCollectionViewCell.swift; sourceTree = "<group>"; };
/* End PBXFileReference section */

/* Begin PBXFrameworksBuildPhase section */
		A20B6FC6196DB92C0067347D /* Frameworks */ = {
			isa = PBXFrameworksBuildPhase;
			buildActionMask = 2147483647;
			files = (
			);
			runOnlyForDeploymentPostprocessing = 0;
		};
		A20B6FD8196DB92D0067347D /* Frameworks */ = {
			isa = PBXFrameworksBuildPhase;
			buildActionMask = 2147483647;
			files = (
			);
			runOnlyForDeploymentPostprocessing = 0;
		};
/* End PBXFrameworksBuildPhase section */

/* Begin PBXGroup section */
		A20B6FC0196DB92C0067347D = {
			isa = PBXGroup;
			children = (
				A20B6FCB196DB92C0067347D /* Bezel */,
				A20B6FDE196DB92D0067347D /* BezelTests */,
				A20B6FCA196DB92C0067347D /* Products */,
			);
			sourceTree = "<group>";
		};
		A20B6FCA196DB92C0067347D /* Products */ = {
			isa = PBXGroup;
			children = (
				A20B6FC9196DB92C0067347D /* Bezel.app */,
				A20B6FDB196DB92D0067347D /* BezelTests.xctest */,
			);
			name = Products;
			sourceTree = "<group>";
		};
		A20B6FCB196DB92C0067347D /* Bezel */ = {
			isa = PBXGroup;
			children = (
				EF8726BD196DE15B00FCD47C /* DataSources */,
				A20B6FCE196DB92C0067347D /* AppDelegate.swift */,
				A20B6FD0196DB92C0067347D /* ViewController.swift */,
				A20B6FEB196DB93B0067347D /* PhotoEditController.swift */,
				A20B6FED196DB9540067347D /* Shape.swift */,
				A20B6FD2196DB92C0067347D /* Main.storyboard */,
				EF2427F7196DCFF600EB8A55 /* bolt_white.png */,
				EF2427F8196DCFF600EB8A55 /* bolt_black.png */,
				EF2427F9196DCFF600EB8A55 /* road.jpg */,
				EF8726C7196DE78C00FCD47C /* gold_tree_bg.png */,
				EF8726D3196DEFE600FCD47C /* candy_bg.png */,
				EF8726D9196DF01A00FCD47C /* tree_bg.png */,
				EF8726DC196DF12100FCD47C /* anchor_white.png */,
				EF8726DD196DF12100FCD47C /* arrow_white.png */,
				EF8726DE196DF12100FCD47C /* cross_white.png */,
				A20B6FD5196DB92C0067347D /* Images.xcassets */,
				A20B6FCC196DB92C0067347D /* Supporting Files */,
			);
			path = Bezel;
			sourceTree = "<group>";
		};
		A20B6FCC196DB92C0067347D /* Supporting Files */ = {
			isa = PBXGroup;
			children = (
				A20B6FCD196DB92C0067347D /* Info.plist */,
			);
			name = "Supporting Files";
			sourceTree = "<group>";
		};
		A20B6FDE196DB92D0067347D /* BezelTests */ = {
			isa = PBXGroup;
			children = (
				A20B6FE1196DB92D0067347D /* BezelTests.swift */,
				A20B6FDF196DB92D0067347D /* Supporting Files */,
			);
			path = BezelTests;
			sourceTree = "<group>";
		};
		A20B6FDF196DB92D0067347D /* Supporting Files */ = {
			isa = PBXGroup;
			children = (
				A20B6FE0196DB92D0067347D /* Info.plist */,
			);
			name = "Supporting Files";
			sourceTree = "<group>";
		};
		EF8726BD196DE15B00FCD47C /* DataSources */ = {
			isa = PBXGroup;
			children = (
				EF8726BE196DE18600FCD47C /* ColorDataSource.swift */,
				EF8726C1196DE62F00FCD47C /* ShapeDataSource.swift */,
				EF8726C4196DE6EE00FCD47C /* BackgroundDataSource.swift */,
				EF8726CA196DE95400FCD47C /* BezelCollectionViewDataSource.swift */,
				EF8726CD196DE99000FCD47C /* HeaderCollectionReusableView.swift */,
				EF8726E5196DF2EF00FCD47C /* ImageCollectionViewCell.swift */,
			);
			name = DataSources;
			sourceTree = "<group>";
		};
/* End PBXGroup section */

/* Begin PBXNativeTarget section */
		A20B6FC8196DB92C0067347D /* Bezel */ = {
			isa = PBXNativeTarget;
			buildConfigurationList = A20B6FE5196DB92D0067347D /* Build configuration list for PBXNativeTarget "Bezel" */;
			buildPhases = (
				A20B6FC5196DB92C0067347D /* Sources */,
				A20B6FC6196DB92C0067347D /* Frameworks */,
				A20B6FC7196DB92C0067347D /* Resources */,
			);
			buildRules = (
			);
			dependencies = (
			);
			name = Bezel;
			productName = Bezel;
			productReference = A20B6FC9196DB92C0067347D /* Bezel.app */;
			productType = "com.apple.product-type.application";
		};
		A20B6FDA196DB92D0067347D /* BezelTests */ = {
			isa = PBXNativeTarget;
			buildConfigurationList = A20B6FE8196DB92D0067347D /* Build configuration list for PBXNativeTarget "BezelTests" */;
			buildPhases = (
				A20B6FD7196DB92D0067347D /* Sources */,
				A20B6FD8196DB92D0067347D /* Frameworks */,
				A20B6FD9196DB92D0067347D /* Resources */,
			);
			buildRules = (
			);
			dependencies = (
				A20B6FDD196DB92D0067347D /* PBXTargetDependency */,
			);
			name = BezelTests;
			productName = BezelTests;
			productReference = A20B6FDB196DB92D0067347D /* BezelTests.xctest */;
			productType = "com.apple.product-type.bundle.unit-test";
		};
/* End PBXNativeTarget section */

/* Begin PBXProject section */
		A20B6FC1196DB92C0067347D /* Project object */ = {
			isa = PBXProject;
			attributes = {
				LastUpgradeCheck = 0600;
				ORGANIZATIONNAME = learnswift;
				TargetAttributes = {
					A20B6FC8196DB92C0067347D = {
						CreatedOnToolsVersion = 6.0;
						DevelopmentTeam = TX54R8GYX2;
					};
					A20B6FDA196DB92D0067347D = {
						CreatedOnToolsVersion = 6.0;
						TestTargetID = A20B6FC8196DB92C0067347D;
					};
				};
			};
			buildConfigurationList = A20B6FC4196DB92C0067347D /* Build configuration list for PBXProject "Bezel" */;
			compatibilityVersion = "Xcode 3.2";
			developmentRegion = English;
			hasScannedForEncodings = 0;
			knownRegions = (
				en,
				Base,
			);
			mainGroup = A20B6FC0196DB92C0067347D;
			productRefGroup = A20B6FCA196DB92C0067347D /* Products */;
			projectDirPath = "";
			projectRoot = "";
			targets = (
				A20B6FC8196DB92C0067347D /* Bezel */,
				A20B6FDA196DB92D0067347D /* BezelTests */,
			);
		};
/* End PBXProject section */

/* Begin PBXResourcesBuildPhase section */
		A20B6FC7196DB92C0067347D /* Resources */ = {
			isa = PBXResourcesBuildPhase;
			buildActionMask = 2147483647;
			files = (
				A20B6FD4196DB92C0067347D /* Main.storyboard in Resources */,
				EF8726DA196DF01A00FCD47C /* tree_bg.png in Resources */,
				EF2427FE196DCFF600EB8A55 /* road.jpg in Resources */,
				A20B6FD6196DB92C0067347D /* Images.xcassets in Resources */,
				EF8726C8196DE78C00FCD47C /* gold_tree_bg.png in Resources */,
				EF8726E3196DF12100FCD47C /* cross_white.png in Resources */,
				EF8726D4196DEFE600FCD47C /* candy_bg.png in Resources */,
				EF2427FC196DCFF600EB8A55 /* bolt_black.png in Resources */,
				EF8726DF196DF12100FCD47C /* anchor_white.png in Resources */,
				EF2427FA196DCFF600EB8A55 /* bolt_white.png in Resources */,
				EF8726E1196DF12100FCD47C /* arrow_white.png in Resources */,
			);
			runOnlyForDeploymentPostprocessing = 0;
		};
		A20B6FD9196DB92D0067347D /* Resources */ = {
			isa = PBXResourcesBuildPhase;
			buildActionMask = 2147483647;
			files = (
				EF8726E0196DF12100FCD47C /* anchor_white.png in Resources */,
				EF8726E4196DF12100FCD47C /* cross_white.png in Resources */,
				EF2427FD196DCFF600EB8A55 /* bolt_black.png in Resources */,
				EF8726C9196DE78C00FCD47C /* gold_tree_bg.png in Resources */,
				EF2427FF196DCFF600EB8A55 /* road.jpg in Resources */,
				EF2427FB196DCFF600EB8A55 /* bolt_white.png in Resources */,
				EF8726E2196DF12100FCD47C /* arrow_white.png in Resources */,
				EF8726DB196DF01A00FCD47C /* tree_bg.png in Resources */,
				EF8726D5196DEFE600FCD47C /* candy_bg.png in Resources */,
			);
			runOnlyForDeploymentPostprocessing = 0;
		};
/* End PBXResourcesBuildPhase section */

/* Begin PBXSourcesBuildPhase section */
		A20B6FC5196DB92C0067347D /* Sources */ = {
			isa = PBXSourcesBuildPhase;
			buildActionMask = 2147483647;
			files = (
				EF8726BF196DE18600FCD47C /* ColorDataSource.swift in Sources */,
				EF8726CE196DE99000FCD47C /* HeaderCollectionReusableView.swift in Sources */,
				A20B6FD1196DB92C0067347D /* ViewController.swift in Sources */,
				EF8726CB196DE95400FCD47C /* BezelCollectionViewDataSource.swift in Sources */,
				EF8726C2196DE62F00FCD47C /* ShapeDataSource.swift in Sources */,
				EF8726C5196DE6EE00FCD47C /* BackgroundDataSource.swift in Sources */,
				EF8726E6196DF2EF00FCD47C /* ImageCollectionViewCell.swift in Sources */,
				A20B6FCF196DB92C0067347D /* AppDelegate.swift in Sources */,
				A20B6FEC196DB93B0067347D /* PhotoEditController.swift in Sources */,
				A20B6FEE196DB9540067347D /* Shape.swift in Sources */,
			);
			runOnlyForDeploymentPostprocessing = 0;
		};
		A20B6FD7196DB92D0067347D /* Sources */ = {
			isa = PBXSourcesBuildPhase;
			buildActionMask = 2147483647;
			files = (
				EF8726C6196DE6EE00FCD47C /* BackgroundDataSource.swift in Sources */,
				EF8726C0196DE18600FCD47C /* ColorDataSource.swift in Sources */,
				A20B6FE2196DB92D0067347D /* BezelTests.swift in Sources */,
				EF8726E7196DF2EF00FCD47C /* ImageCollectionViewCell.swift in Sources */,
				EF8726CC196DE95400FCD47C /* BezelCollectionViewDataSource.swift in Sources */,
				EF8726CF196DE99000FCD47C /* HeaderCollectionReusableView.swift in Sources */,
				EF8726C3196DE62F00FCD47C /* ShapeDataSource.swift in Sources */,
			);
			runOnlyForDeploymentPostprocessing = 0;
		};
/* End PBXSourcesBuildPhase section */

/* Begin PBXTargetDependency section */
		A20B6FDD196DB92D0067347D /* PBXTargetDependency */ = {
			isa = PBXTargetDependency;
			target = A20B6FC8196DB92C0067347D /* Bezel */;
			targetProxy = A20B6FDC196DB92D0067347D /* PBXContainerItemProxy */;
		};
/* End PBXTargetDependency section */

/* Begin PBXVariantGroup section */
		A20B6FD2196DB92C0067347D /* Main.storyboard */ = {
			isa = PBXVariantGroup;
			children = (
				A20B6FD3196DB92C0067347D /* Base */,
			);
			name = Main.storyboard;
			sourceTree = "<group>";
		};
/* End PBXVariantGroup section */

/* Begin XCBuildConfiguration section */
		A20B6FE3196DB92D0067347D /* Debug */ = {
			isa = XCBuildConfiguration;
			buildSettings = {
				ALWAYS_SEARCH_USER_PATHS = NO;
				CLANG_CXX_LANGUAGE_STANDARD = "gnu++0x";
				CLANG_CXX_LIBRARY = "libc++";
				CLANG_ENABLE_MODULES = YES;
				CLANG_ENABLE_OBJC_ARC = YES;
				CLANG_WARN_BOOL_CONVERSION = YES;
				CLANG_WARN_CONSTANT_CONVERSION = YES;
				CLANG_WARN_DIRECT_OBJC_ISA_USAGE = YES_ERROR;
				CLANG_WARN_EMPTY_BODY = YES;
				CLANG_WARN_ENUM_CONVERSION = YES;
				CLANG_WARN_INT_CONVERSION = YES;
				CLANG_WARN_OBJC_ROOT_CLASS = YES_ERROR;
				CLANG_WARN_UNREACHABLE_CODE = YES;
				CLANG_WARN__DUPLICATE_METHOD_MATCH = YES;
				"CODE_SIGN_IDENTITY[sdk=iphoneos*]" = "iPhone Developer";
				COPY_PHASE_STRIP = NO;
				ENABLE_STRICT_OBJC_MSGSEND = YES;
				GCC_C_LANGUAGE_STANDARD = gnu99;
				GCC_DYNAMIC_NO_PIC = NO;
				GCC_OPTIMIZATION_LEVEL = 0;
				GCC_PREPROCESSOR_DEFINITIONS = (
					"DEBUG=1",
					"$(inherited)",
				);
				GCC_SYMBOLS_PRIVATE_EXTERN = NO;
				GCC_WARN_64_TO_32_BIT_CONVERSION = YES;
				GCC_WARN_ABOUT_RETURN_TYPE = YES_ERROR;
				GCC_WARN_UNDECLARED_SELECTOR = YES;
				GCC_WARN_UNINITIALIZED_AUTOS = YES_AGGRESSIVE;
				GCC_WARN_UNUSED_FUNCTION = YES;
				GCC_WARN_UNUSED_VARIABLE = YES;
				IPHONEOS_DEPLOYMENT_TARGET = 8.0;
				METAL_ENABLE_DEBUG_INFO = YES;
				ONLY_ACTIVE_ARCH = YES;
				SDKROOT = iphoneos;
				SWIFT_OPTIMIZATION_LEVEL = "-Onone";
			};
			name = Debug;
		};
		A20B6FE4196DB92D0067347D /* Release */ = {
			isa = XCBuildConfiguration;
			buildSettings = {
				ALWAYS_SEARCH_USER_PATHS = NO;
				CLANG_CXX_LANGUAGE_STANDARD = "gnu++0x";
				CLANG_CXX_LIBRARY = "libc++";
				CLANG_ENABLE_MODULES = YES;
				CLANG_ENABLE_OBJC_ARC = YES;
				CLANG_WARN_BOOL_CONVERSION = YES;
				CLANG_WARN_CONSTANT_CONVERSION = YES;
				CLANG_WARN_DIRECT_OBJC_ISA_USAGE = YES_ERROR;
				CLANG_WARN_EMPTY_BODY = YES;
				CLANG_WARN_ENUM_CONVERSION = YES;
				CLANG_WARN_INT_CONVERSION = YES;
				CLANG_WARN_OBJC_ROOT_CLASS = YES_ERROR;
				CLANG_WARN_UNREACHABLE_CODE = YES;
				CLANG_WARN__DUPLICATE_METHOD_MATCH = YES;
				"CODE_SIGN_IDENTITY[sdk=iphoneos*]" = "iPhone Developer";
				COPY_PHASE_STRIP = YES;
				ENABLE_NS_ASSERTIONS = NO;
				ENABLE_STRICT_OBJC_MSGSEND = YES;
				GCC_C_LANGUAGE_STANDARD = gnu99;
				GCC_WARN_64_TO_32_BIT_CONVERSION = YES;
				GCC_WARN_ABOUT_RETURN_TYPE = YES_ERROR;
				GCC_WARN_UNDECLARED_SELECTOR = YES;
				GCC_WARN_UNINITIALIZED_AUTOS = YES_AGGRESSIVE;
				GCC_WARN_UNUSED_FUNCTION = YES;
				GCC_WARN_UNUSED_VARIABLE = YES;
				IPHONEOS_DEPLOYMENT_TARGET = 8.0;
				METAL_ENABLE_DEBUG_INFO = NO;
				SDKROOT = iphoneos;
				VALIDATE_PRODUCT = YES;
			};
			name = Release;
		};
		A20B6FE6196DB92D0067347D /* Debug */ = {
			isa = XCBuildConfiguration;
			buildSettings = {
				ASSETCATALOG_COMPILER_APPICON_NAME = AppIcon;
				ASSETCATALOG_COMPILER_LAUNCHIMAGE_NAME = LaunchImage;
				INFOPLIST_FILE = Bezel/Info.plist;
				LD_RUNPATH_SEARCH_PATHS = "$(inherited) @executable_path/Frameworks";
				PRODUCT_NAME = "$(TARGET_NAME)";
			};
			name = Debug;
		};
		A20B6FE7196DB92D0067347D /* Release */ = {
			isa = XCBuildConfiguration;
			buildSettings = {
				ASSETCATALOG_COMPILER_APPICON_NAME = AppIcon;
				ASSETCATALOG_COMPILER_LAUNCHIMAGE_NAME = LaunchImage;
				INFOPLIST_FILE = Bezel/Info.plist;
				LD_RUNPATH_SEARCH_PATHS = "$(inherited) @executable_path/Frameworks";
				PRODUCT_NAME = "$(TARGET_NAME)";
			};
			name = Release;
		};
		A20B6FE9196DB92D0067347D /* Debug */ = {
			isa = XCBuildConfiguration;
			buildSettings = {
				BUNDLE_LOADER = "$(BUILT_PRODUCTS_DIR)/Bezel.app/Bezel";
				FRAMEWORK_SEARCH_PATHS = (
					"$(SDKROOT)/Developer/Library/Frameworks",
					"$(inherited)",
				);
				GCC_PREPROCESSOR_DEFINITIONS = (
					"DEBUG=1",
					"$(inherited)",
				);
				INFOPLIST_FILE = BezelTests/Info.plist;
				LD_RUNPATH_SEARCH_PATHS = "$(inherited) @executable_path/Frameworks @loader_path/Frameworks";
				METAL_ENABLE_DEBUG_INFO = YES;
				PRODUCT_NAME = "$(TARGET_NAME)";
				TEST_HOST = "$(BUNDLE_LOADER)";
			};
			name = Debug;
		};
		A20B6FEA196DB92D0067347D /* Release */ = {
			isa = XCBuildConfiguration;
			buildSettings = {
				BUNDLE_LOADER = "$(BUILT_PRODUCTS_DIR)/Bezel.app/Bezel";
				FRAMEWORK_SEARCH_PATHS = (
					"$(SDKROOT)/Developer/Library/Frameworks",
					"$(inherited)",
				);
				INFOPLIST_FILE = BezelTests/Info.plist;
				LD_RUNPATH_SEARCH_PATHS = "$(inherited) @executable_path/Frameworks @loader_path/Frameworks";
				METAL_ENABLE_DEBUG_INFO = NO;
				PRODUCT_NAME = "$(TARGET_NAME)";
				TEST_HOST = "$(BUNDLE_LOADER)";
			};
			name = Release;
		};
/* End XCBuildConfiguration section */

/* Begin XCConfigurationList section */
		A20B6FC4196DB92C0067347D /* Build configuration list for PBXProject "Bezel" */ = {
			isa = XCConfigurationList;
			buildConfigurations = (
				A20B6FE3196DB92D0067347D /* Debug */,
				A20B6FE4196DB92D0067347D /* Release */,
			);
			defaultConfigurationIsVisible = 0;
			defaultConfigurationName = Release;
		};
		A20B6FE5196DB92D0067347D /* Build configuration list for PBXNativeTarget "Bezel" */ = {
			isa = XCConfigurationList;
			buildConfigurations = (
				A20B6FE6196DB92D0067347D /* Debug */,
				A20B6FE7196DB92D0067347D /* Release */,
			);
			defaultConfigurationIsVisible = 0;
			defaultConfigurationName = Release;
		};
		A20B6FE8196DB92D0067347D /* Build configuration list for PBXNativeTarget "BezelTests" */ = {
			isa = XCConfigurationList;
			buildConfigurations = (
				A20B6FE9196DB92D0067347D /* Debug */,
				A20B6FEA196DB92D0067347D /* Release */,
			);
			defaultConfigurationIsVisible = 0;
			defaultConfigurationName = Release;
		};
/* End XCConfigurationList section */
	};
	rootObject = A20B6FC1196DB92C0067347D /* Project object */;
}
